
Microsoft Visual Studio Solution File, Format Version 12.00
Project("{FAE04EC0-301F-11D3-BF4B-00C04F79EFBC}") = "manage-endpoints", "manage-endpoints\manage-endpoints.csproj", "{F54610A9-8390-45AF-8659-BE3E924FC894}"
EndProject
Project("{FAE04EC0-301F-11D3-BF4B-00C04F79EFBC}") = "ManageEndpointTest", "ManageEndpointTest\ManageEndpointTest.csproj", "{989108BD-1ADE-4565-9762-FDA058162BFF}"
EndProject
Global
	GlobalSection(SolutionConfigurationPlatforms) = preSolution
		Debug|Any CPU = Debug|Any CPU
		Release|Any CPU = Release|Any CPU
	EndGlobalSection
	GlobalSection(ProjectConfigurationPlatforms) = postSolution
		{F54610A9-8390-45AF-8659-BE3E924FC894}.Debug|Any CPU.ActiveCfg = Debug|Any CPU
		{F54610A9-8390-45AF-8659-BE3E924FC894}.Debug|Any CPU.Build.0 = Debug|Any CPU
		{F54610A9-8390-45AF-8659-BE3E924FC894}.Release|Any CPU.ActiveCfg = Release|Any CPU
		{F54610A9-8390-45AF-8659-BE3E924FC894}.Release|Any CPU.Build.0 = Release|Any CPU
		{989108BD-1ADE-4565-9762-FDA058162BFF}.Debug|Any CPU.ActiveCfg = Debug|Any CPU
		{989108BD-1ADE-4565-9762-FDA058162BFF}.Debug|Any CPU.Build.0 = Debug|Any CPU
		{989108BD-1ADE-4565-9762-FDA058162BFF}.Release|Any CPU.ActiveCfg = Release|Any CPU
		{989108BD-1ADE-4565-9762-FDA058162BFF}.Release|Any CPU.Build.0 = Release|Any CPU
	EndGlobalSection
EndGlobal
